# This file is generated by running "yarn install" inside your project.
# Manual changes might be lost - proceed with caution!

__metadata:
  version: 4
  cacheKey: 7

"axios@npm:^0.21.1":
  version: 0.21.1
  resolution: "axios@npm:0.21.1"
  dependencies:
    follow-redirects: ^1.10.0
  checksum: 864fb7b5d077d236737f10adca53bf451a93f35a15271f56fba8da07265a02d26b7d881b935a6697dc6adb0549ea3e56d2eecb403edaa3bb78f6479901c10f69
  languageName: node
  linkType: hard

"dotenv@npm:^8.2.0":
  version: 8.2.0
  resolution: "dotenv@npm:8.2.0"
  checksum: 16cb89cbd7b98b053899b8aba8c5044c8fb61a2db8a81fe70360b75035fce5fed53bd7a34d772be717d0880c0321122a4c09423f518025e1b52d96791521b1a7
  languageName: node
  linkType: hard

"follow-redirects@npm:^1.10.0":
  version: 1.13.3
  resolution: "follow-redirects@npm:1.13.3"
  peerDependenciesMeta:
    debug:
      optional: true
  checksum: 9ad74c3b66ad5c32d8c009a2afb4e5c1b9e5dbe1f631419296c21f8e4f9976ed2c52f9a676c4acdd1d7f41a8f17a03dfaa3704993b25b5965eb11bc9dc9a8ef5
  languageName: node
  linkType: hard

"slugify@npm:^1.4.7":
  version: 1.4.7
  resolution: "slugify@npm:1.4.7"
  checksum: df4963d10c69d8f5331a9c741a6d123e519010ef7b41d00a5c14f476c39c7e9be993889f4dd762ea4f8fb99c21fcf8ce13e73ec7e2fe1e9ca4322e65e6cae548
  languageName: node
  linkType: hard

"thomasazar.net@workspace:.":
  version: 0.0.0-use.local
  resolution: "thomasazar.net@workspace:."
  dependencies:
    axios: ^0.21.1
    dotenv: ^8.2.0
    slugify: ^1.4.7
  languageName: unknown
  linkType: soft
